
Microsoft Visual Studio Solution File, Format Version 12.00
# Visual Studio Version 16
VisualStudioVersion = 16.0.29519.87
MinimumVisualStudioVersion = 10.0.40219.1
Project("{FAE04EC0-301F-11D3-BF4B-00C04F79EFBC}") = "04_Sample", "04_Sample\04_Sample.csproj", "{AD78AB80-C553-4998-9C49-32041A301181}"
EndProject
Global
	GlobalSection(SolutionConfigurationPlatforms) = preSolution
		Debug|Any CPU = Debug|Any CPU
		Release|Any CPU = Release|Any CPU
	EndGlobalSection
	GlobalSection(ProjectConfigurationPlatforms) = postSolution
		{AD78AB80-C553-4998-9C49-32041A301181}.Debug|Any CPU.ActiveCfg = Debug|Any CPU
		{AD78AB80-C553-4998-9C49-32041A301181}.Debug|Any CPU.Build.0 = Debug|Any CPU
		{AD78AB80-C553-4998-9C49-32041A301181}.Release|Any CPU.ActiveCfg = Release|Any CPU
		{AD78AB80-C553-4998-9C49-32041A301181}.Release|Any CPU.Build.0 = Release|Any CPU
	EndGlobalSection
	GlobalSection(SolutionProperties) = preSolution
		HideSolutionNode = FALSE
	EndGlobalSection
	GlobalSection(ExtensibilityGlobals) = postSolution
		SolutionGuid = {C7E21E5A-CF26-43D3-BB88-A82AFB2F113F}
	EndGlobalSection
EndGlobal
